
Microsoft Visual Studio Solution File, Format Version 12.00
# Visual Studio Version 17
VisualStudioVersion = 17.5.33424.131
MinimumVisualStudioVersion = 10.0.40219.1
Project("{9A19103F-16F7-4668-BE54-9A1E7A4F7556}") = "01OOP_programing_C#", "OOP_programing_C#\01OOP_programing_C#.csproj", "{6EAC1F6D-CD2B-49BB-82CB-A52CEF1BF6F8}"
EndProject
Project("{9A19103F-16F7-4668-BE54-9A1E7A4F7556}") = "02accessspecifiers2", "accessspecifiers2\02accessspecifiers2.csproj", "{14FF09C9-0A5B-4640-9CB9-17879E238A5F}"
EndProject
Project("{9A19103F-16F7-4668-BE54-9A1E7A4F7556}") = "03Encapsulation", "Encapsulation\03Encapsulation.csproj", "{5D236A48-1547-41D8-8C58-C8B4FF857C9E}"
EndProject
Project("{9A19103F-16F7-4668-BE54-9A1E7A4F7556}") = "04Polimorphism", "Polimorphism\04Polimorphism.csproj", "{A259104F-28EE-40AD-9FAC-AE1E72C22E8E}"
EndProject
Project("{9A19103F-16F7-4668-BE54-9A1E7A4F7556}") = "05Delegates", "Delegates\05Delegates.csproj", "{FCD4B58A-1E5A-45A5-B0F7-4015EF02C7FD}"
EndProject
Project("{9A19103F-16F7-4668-BE54-9A1E7A4F7556}") = "06AnounimouseFunction", "AnounimouseFunction\06AnounimouseFunction.csproj", "{E993176A-1669-4179-9B72-D067CB3BFA79}"
EndProject
Project("{9A19103F-16F7-4668-BE54-9A1E7A4F7556}") = "07Abstraction", "07Abstraction\07Abstraction.csproj", "{292C168A-1EF0-41D2-A17D-FBD9E339398D}"
EndProject
Project("{9A19103F-16F7-4668-BE54-9A1E7A4F7556}") = "08 Generics", "08 Generics\08 Generics.csproj", "{7E7B0CCD-9C40-4FD0-9C7D-A8BE0388B54F}"
EndProject
Project("{9A19103F-16F7-4668-BE54-9A1E7A4F7556}") = "09-Non-Generics-collections", "09-Non-Generics-collections\09-Non-Generics-collections.csproj", "{EE92C6BB-5DC1-41A1-8EB1-1D0A07D6154F}"
EndProject
Project("{9A19103F-16F7-4668-BE54-9A1E7A4F7556}") = "10-Gereric-Collections", "10-Gereric-Collections\10-Gereric-Collections.csproj", "{7D2CBFD2-EC77-4CDC-AE86-0FD15C375FB0}"
EndProject
Project("{9A19103F-16F7-4668-BE54-9A1E7A4F7556}") = "11-Exceptional Handling", "11-Exceptional Handling\11-Exceptional Handling.csproj", "{38C6E702-E9F6-463B-AA0B-6C9252B5F157}"
EndProject
Project("{9A19103F-16F7-4668-BE54-9A1E7A4F7556}") = "12-Parial-Classes", "12-Parial-Classes\12-Parial-Classes.csproj", "{44B50E2E-2498-4D53-B88E-79CB144BA911}"
EndProject
Project("{9A19103F-16F7-4668-BE54-9A1E7A4F7556}") = "13-Params", "13-Params\13-Params.csproj", "{D96907EA-D956-4F95-AD1A-8B93A93A0F33}"
EndProject
Project("{9A19103F-16F7-4668-BE54-9A1E7A4F7556}") = "14String-and-StringBuilders", "14String-and-StringBuilders\14String-and-StringBuilders.csproj", "{EEF4AF94-4389-4733-9A30-D5E2348AC1E7}"
EndProject
Project("{9A19103F-16F7-4668-BE54-9A1E7A4F7556}") = "14-Threads", "14-Threads\14-Threads.csproj", "{BC917A8E-42C1-4BF5-8232-BC9672A4DD71}"
EndProject
Project("{FAE04EC0-301F-11D3-BF4B-00C04F79EFBC}") = "15-Extensions Methods", "15-Extensions Methods\15-Extensions Methods.csproj", "{3EF5E700-1154-4533-B876-BF6F39DF9A3D}"
EndProject
Project("{FAE04EC0-301F-11D3-BF4B-00C04F79EFBC}") = "16-Structures", "16-Structures\16-Structures.csproj", "{05723D47-AAD4-47FE-AABC-DCF2AB6600B5}"
EndProject
Project("{FAE04EC0-301F-11D3-BF4B-00C04F79EFBC}") = "17-File Handling", "17-File Handling\17-File Handling.csproj", "{C5597C67-75F9-4776-A54B-1611E63F42DE}"
EndProject
Global
	GlobalSection(SolutionConfigurationPlatforms) = preSolution
		Debug|Any CPU = Debug|Any CPU
		Release|Any CPU = Release|Any CPU
	EndGlobalSection
	GlobalSection(ProjectConfigurationPlatforms) = postSolution
		{6EAC1F6D-CD2B-49BB-82CB-A52CEF1BF6F8}.Debug|Any CPU.ActiveCfg = Debug|Any CPU
		{6EAC1F6D-CD2B-49BB-82CB-A52CEF1BF6F8}.Debug|Any CPU.Build.0 = Debug|Any CPU
		{6EAC1F6D-CD2B-49BB-82CB-A52CEF1BF6F8}.Release|Any CPU.ActiveCfg = Release|Any CPU
		{6EAC1F6D-CD2B-49BB-82CB-A52CEF1BF6F8}.Release|Any CPU.Build.0 = Release|Any CPU
		{14FF09C9-0A5B-4640-9CB9-17879E238A5F}.Debug|Any CPU.ActiveCfg = Debug|Any CPU
		{14FF09C9-0A5B-4640-9CB9-17879E238A5F}.Debug|Any CPU.Build.0 = Debug|Any CPU
		{14FF09C9-0A5B-4640-9CB9-17879E238A5F}.Release|Any CPU.ActiveCfg = Release|Any CPU
		{14FF09C9-0A5B-4640-9CB9-17879E238A5F}.Release|Any CPU.Build.0 = Release|Any CPU
		{5D236A48-1547-41D8-8C58-C8B4FF857C9E}.Debug|Any CPU.ActiveCfg = Debug|Any CPU
		{5D236A48-1547-41D8-8C58-C8B4FF857C9E}.Debug|Any CPU.Build.0 = Debug|Any CPU
		{5D236A48-1547-41D8-8C58-C8B4FF857C9E}.Release|Any CPU.ActiveCfg = Release|Any CPU
		{5D236A48-1547-41D8-8C58-C8B4FF857C9E}.Release|Any CPU.Build.0 = Release|Any CPU
		{A259104F-28EE-40AD-9FAC-AE1E72C22E8E}.Debug|Any CPU.ActiveCfg = Debug|Any CPU
		{A259104F-28EE-40AD-9FAC-AE1E72C22E8E}.Debug|Any CPU.Build.0 = Debug|Any CPU
		{A259104F-28EE-40AD-9FAC-AE1E72C22E8E}.Release|Any CPU.ActiveCfg = Release|Any CPU
		{A259104F-28EE-40AD-9FAC-AE1E72C22E8E}.Release|Any CPU.Build.0 = Release|Any CPU
		{FCD4B58A-1E5A-45A5-B0F7-4015EF02C7FD}.Debug|Any CPU.ActiveCfg = Debug|Any CPU
		{FCD4B58A-1E5A-45A5-B0F7-4015EF02C7FD}.Debug|Any CPU.Build.0 = Debug|Any CPU
		{FCD4B58A-1E5A-45A5-B0F7-4015EF02C7FD}.Release|Any CPU.ActiveCfg = Release|Any CPU
		{FCD4B58A-1E5A-45A5-B0F7-4015EF02C7FD}.Release|Any CPU.Build.0 = Release|Any CPU
		{E993176A-1669-4179-9B72-D067CB3BFA79}.Debug|Any CPU.ActiveCfg = Debug|Any CPU
		{E993176A-1669-4179-9B72-D067CB3BFA79}.Debug|Any CPU.Build.0 = Debug|Any CPU
		{E993176A-1669-4179-9B72-D067CB3BFA79}.Release|Any CPU.ActiveCfg = Release|Any CPU
		{E993176A-1669-4179-9B72-D067CB3BFA79}.Release|Any CPU.Build.0 = Release|Any CPU
		{292C168A-1EF0-41D2-A17D-FBD9E339398D}.Debug|Any CPU.ActiveCfg = Debug|Any CPU
		{292C168A-1EF0-41D2-A17D-FBD9E339398D}.Debug|Any CPU.Build.0 = Debug|Any CPU
		{292C168A-1EF0-41D2-A17D-FBD9E339398D}.Release|Any CPU.ActiveCfg = Release|Any CPU
		{292C168A-1EF0-41D2-A17D-FBD9E339398D}.Release|Any CPU.Build.0 = Release|Any CPU
		{7E7B0CCD-9C40-4FD0-9C7D-A8BE0388B54F}.Debug|Any CPU.ActiveCfg = Debug|Any CPU
		{7E7B0CCD-9C40-4FD0-9C7D-A8BE0388B54F}.Debug|Any CPU.Build.0 = Debug|Any CPU
		{7E7B0CCD-9C40-4FD0-9C7D-A8BE0388B54F}.Release|Any CPU.ActiveCfg = Release|Any CPU
		{7E7B0CCD-9C40-4FD0-9C7D-A8BE0388B54F}.Release|Any CPU.Build.0 = Release|Any CPU
		{EE92C6BB-5DC1-41A1-8EB1-1D0A07D6154F}.Debug|Any CPU.ActiveCfg = Debug|Any CPU
		{EE92C6BB-5DC1-41A1-8EB1-1D0A07D6154F}.Debug|Any CPU.Build.0 = Debug|Any CPU
		{EE92C6BB-5DC1-41A1-8EB1-1D0A07D6154F}.Release|Any CPU.ActiveCfg = Release|Any CPU
		{EE92C6BB-5DC1-41A1-8EB1-1D0A07D6154F}.Release|Any CPU.Build.0 = Release|Any CPU
		{7D2CBFD2-EC77-4CDC-AE86-0FD15C375FB0}.Debug|Any CPU.ActiveCfg = Debug|Any CPU
		{7D2CBFD2-EC77-4CDC-AE86-0FD15C375FB0}.Debug|Any CPU.Build.0 = Debug|Any CPU
		{7D2CBFD2-EC77-4CDC-AE86-0FD15C375FB0}.Release|Any CPU.ActiveCfg = Release|Any CPU
		{7D2CBFD2-EC77-4CDC-AE86-0FD15C375FB0}.Release|Any CPU.Build.0 = Release|Any CPU
		{38C6E702-E9F6-463B-AA0B-6C9252B5F157}.Debug|Any CPU.ActiveCfg = Debug|Any CPU
		{38C6E702-E9F6-463B-AA0B-6C9252B5F157}.Debug|Any CPU.Build.0 = Debug|Any CPU
		{38C6E702-E9F6-463B-AA0B-6C9252B5F157}.Release|Any CPU.ActiveCfg = Release|Any CPU
		{38C6E702-E9F6-463B-AA0B-6C9252B5F157}.Release|Any CPU.Build.0 = Release|Any CPU
		{44B50E2E-2498-4D53-B88E-79CB144BA911}.Debug|Any CPU.ActiveCfg = Debug|Any CPU
		{44B50E2E-2498-4D53-B88E-79CB144BA911}.Debug|Any CPU.Build.0 = Debug|Any CPU
		{44B50E2E-2498-4D53-B88E-79CB144BA911}.Release|Any CPU.ActiveCfg = Release|Any CPU
		{44B50E2E-2498-4D53-B88E-79CB144BA911}.Release|Any CPU.Build.0 = Release|Any CPU
		{D96907EA-D956-4F95-AD1A-8B93A93A0F33}.Debug|Any CPU.ActiveCfg = Debug|Any CPU
		{D96907EA-D956-4F95-AD1A-8B93A93A0F33}.Debug|Any CPU.Build.0 = Debug|Any CPU
		{D96907EA-D956-4F95-AD1A-8B93A93A0F33}.Release|Any CPU.ActiveCfg = Release|Any CPU
		{D96907EA-D956-4F95-AD1A-8B93A93A0F33}.Release|Any CPU.Build.0 = Release|Any CPU
		{EEF4AF94-4389-4733-9A30-D5E2348AC1E7}.Debug|Any CPU.ActiveCfg = Debug|Any CPU
		{EEF4AF94-4389-4733-9A30-D5E2348AC1E7}.Debug|Any CPU.Build.0 = Debug|Any CPU
		{EEF4AF94-4389-4733-9A30-D5E2348AC1E7}.Release|Any CPU.ActiveCfg = Release|Any CPU
		{EEF4AF94-4389-4733-9A30-D5E2348AC1E7}.Release|Any CPU.Build.0 = Release|Any CPU
		{BC917A8E-42C1-4BF5-8232-BC9672A4DD71}.Debug|Any CPU.ActiveCfg = Debug|Any CPU
		{BC917A8E-42C1-4BF5-8232-BC9672A4DD71}.Debug|Any CPU.Build.0 = Debug|Any CPU
		{BC917A8E-42C1-4BF5-8232-BC9672A4DD71}.Release|Any CPU.ActiveCfg = Release|Any CPU
		{BC917A8E-42C1-4BF5-8232-BC9672A4DD71}.Release|Any CPU.Build.0 = Release|Any CPU
		{3EF5E700-1154-4533-B876-BF6F39DF9A3D}.Debug|Any CPU.ActiveCfg = Debug|Any CPU
		{3EF5E700-1154-4533-B876-BF6F39DF9A3D}.Debug|Any CPU.Build.0 = Debug|Any CPU
		{3EF5E700-1154-4533-B876-BF6F39DF9A3D}.Release|Any CPU.ActiveCfg = Release|Any CPU
		{3EF5E700-1154-4533-B876-BF6F39DF9A3D}.Release|Any CPU.Build.0 = Release|Any CPU
		{05723D47-AAD4-47FE-AABC-DCF2AB6600B5}.Debug|Any CPU.ActiveCfg = Debug|Any CPU
		{05723D47-AAD4-47FE-AABC-DCF2AB6600B5}.Debug|Any CPU.Build.0 = Debug|Any CPU
		{05723D47-AAD4-47FE-AABC-DCF2AB6600B5}.Release|Any CPU.ActiveCfg = Release|Any CPU
		{05723D47-AAD4-47FE-AABC-DCF2AB6600B5}.Release|Any CPU.Build.0 = Release|Any CPU
		{C5597C67-75F9-4776-A54B-1611E63F42DE}.Debug|Any CPU.ActiveCfg = Debug|Any CPU
		{C5597C67-75F9-4776-A54B-1611E63F42DE}.Debug|Any CPU.Build.0 = Debug|Any CPU
		{C5597C67-75F9-4776-A54B-1611E63F42DE}.Release|Any CPU.ActiveCfg = Release|Any CPU
		{C5597C67-75F9-4776-A54B-1611E63F42DE}.Release|Any CPU.Build.0 = Release|Any CPU
	EndGlobalSection
	GlobalSection(SolutionProperties) = preSolution
		HideSolutionNode = FALSE
	EndGlobalSection
	GlobalSection(ExtensibilityGlobals) = postSolution
		SolutionGuid = {3C36B2C1-54B0-40EB-816F-A1F22571FE55}
	EndGlobalSection
EndGlobal
